
Microsoft Visual Studio Solution File, Format Version 12.00
Project("{FAE04EC0-301F-11D3-BF4B-00C04F79EFBC}") = "CoffeeMekMonitoring", "CoffeeMekMonitoring\CoffeeMekMonitoring\CoffeeMekMonitoring.csproj", "{CC9D3671-3537-4FB9-9EB2-F89FE9996FB6}"
EndProject
Project("{FAE04EC0-301F-11D3-BF4B-00C04F79EFBC}") = "CoffeeMekMonitoring.Client", "CoffeeMekMonitoring\CoffeeMekMonitoring.Client\CoffeeMekMonitoring.Client.csproj", "{2983E542-52D9-4A95-92B1-8CE65E35166A}"
EndProject
Global
	GlobalSection(SolutionConfigurationPlatforms) = preSolution
		Debug|Any CPU = Debug|Any CPU
		Release|Any CPU = Release|Any CPU
	EndGlobalSection
	GlobalSection(ProjectConfigurationPlatforms) = postSolution
		{CC9D3671-3537-4FB9-9EB2-F89FE9996FB6}.Debug|Any CPU.ActiveCfg = Debug|Any CPU
		{CC9D3671-3537-4FB9-9EB2-F89FE9996FB6}.Debug|Any CPU.Build.0 = Debug|Any CPU
		{CC9D3671-3537-4FB9-9EB2-F89FE9996FB6}.Release|Any CPU.ActiveCfg = Release|Any CPU
		{CC9D3671-3537-4FB9-9EB2-F89FE9996FB6}.Release|Any CPU.Build.0 = Release|Any CPU
		{2983E542-52D9-4A95-92B1-8CE65E35166A}.Debug|Any CPU.ActiveCfg = Debug|Any CPU
		{2983E542-52D9-4A95-92B1-8CE65E35166A}.Debug|Any CPU.Build.0 = Debug|Any CPU
		{2983E542-52D9-4A95-92B1-8CE65E35166A}.Release|Any CPU.ActiveCfg = Release|Any CPU
		{2983E542-52D9-4A95-92B1-8CE65E35166A}.Release|Any CPU.Build.0 = Release|Any CPU
	EndGlobalSection
EndGlobal
